// !$*UTF8*$!
{
	archiveVersion = 1;
	classes = {
	};
	objectVersion = 46;
	objects = {
/* Begin PBXBuildFile section */
		0207DA581B56EA530066E2B4 /* Images.xcassets in Resources */ = {isa = PBXBuildFile; fileRef = 0207DA571B56EA530066E2B4 /* Images.xcassets */; };
		1D3623260D0F684500981E51 /* AppDelegate.m in Sources */ = {isa = PBXBuildFile; fileRef = 1D3623250D0F684500981E51 /* AppDelegate.m */; };
		1D60589B0D05DD56006BFB54 /* main.m in Sources */ = {isa = PBXBuildFile; fileRef = 29B97316FDCFA39411CA2CEA /* main.m */; };
		301BF552109A68D80062928A /* libCordova.a in Frameworks */ = {isa = PBXBuildFile; fileRef = 301BF535109A57CC0062928A /* libCordova.a */; };
		302D95F114D2391D003F00A1 /* MainViewController.m in Sources */ = {isa = PBXBuildFile; fileRef = 302D95EF14D2391D003F00A1 /* MainViewController.m */; };
		302D95F214D2391D003F00A1 /* MainViewController.xib in Resources */ = {isa = PBXBuildFile; fileRef = 302D95F014D2391D003F00A1 /* MainViewController.xib */; };
		3047A5121AB8059700498E2A /* build-debug.xcconfig in Resources */ = {isa = PBXBuildFile; fileRef = 3047A50F1AB8059700498E2A /* build-debug.xcconfig */; };
		3047A5131AB8059700498E2A /* build-release.xcconfig in Resources */ = {isa = PBXBuildFile; fileRef = 3047A5101AB8059700498E2A /* build-release.xcconfig */; };
		3047A5141AB8059700498E2A /* build.xcconfig in Resources */ = {isa = PBXBuildFile; fileRef = 3047A5111AB8059700498E2A /* build.xcconfig */; };
		6AFF5BF91D6E424B00AB3073 /* CDVLaunchScreen.storyboard in Resources */ = {isa = PBXBuildFile; fileRef = 6AFF5BF81D6E424B00AB3073 /* CDVLaunchScreen.storyboard */; };
		CA2BE153A713425A96665DCC /* AppDelegate+notification.m in Sources */ = {isa = PBXBuildFile; fileRef = E83A4A92BA644AEDB4E7AB7C /* AppDelegate+notification.m */; };
		89CB653B25D348F6806F71A0 /* PushPlugin.m in Sources */ = {isa = PBXBuildFile; fileRef = CB62C0E26EA24414814CD920 /* PushPlugin.m */; };
		D07A99F5644049DBAE6B5A0E /* libGGLCloudMessaging.a in Frameworks */ = {isa = PBXBuildFile; fileRef = 7ACAE4E5EF594B4A8DE49972 /* libGGLCloudMessaging.a */; };
		F6BD32CDA97B4C7AA79FF63D /* libGGLCore.a in Frameworks */ = {isa = PBXBuildFile; fileRef = BAD677EA0BEB4490BF8385AD /* libGGLCore.a */; };
		7B7EF83452B04763A5C18295 /* libGGLInstanceIDLib.a in Frameworks */ = {isa = PBXBuildFile; fileRef = 32289E0A42FA4566BE93CD01 /* libGGLInstanceIDLib.a */; };
		1B2BC0B146E94590B94E1C59 /* libGIP_Reachability.a in Frameworks */ = {isa = PBXBuildFile; fileRef = A826A065B4094706A47F13B7 /* libGIP_Reachability.a */; };
		20685C04371E4298A3062058 /* libGSDK_Overload.a in Frameworks */ = {isa = PBXBuildFile; fileRef = 7B55428D2A5242DDB71E3624 /* libGSDK_Overload.a */; };
		A71191AACA784125BAC770F2 /* libGTMSessionFetcher_core.a in Frameworks */ = {isa = PBXBuildFile; fileRef = 51B506DD760A445A8CCA7376 /* libGTMSessionFetcher_core.a */; };
		D9576AA3D93346828AF56A4F /* libGTMSessionFetcher_full.a in Frameworks */ = {isa = PBXBuildFile; fileRef = A82B6967B9D9492C9531A13F /* libGTMSessionFetcher_full.a */; };
		FF72A66C94C74B6DAAA26BEA /* libGTMStackTrace.a in Frameworks */ = {isa = PBXBuildFile; fileRef = 0A57DE9D126D4F5C85F3F691 /* libGTMStackTrace.a */; };
		17DA99C59F844400B0EB0523 /* libGTM_AddressBook.a in Frameworks */ = {isa = PBXBuildFile; fileRef = AE0C047C70BA4D62BF5CF5E1 /* libGTM_AddressBook.a */; };
		F0766864B8794BFC943FE593 /* libGTM_DebugUtils.a in Frameworks */ = {isa = PBXBuildFile; fileRef = D2D7276B16154C9CA5A8C88C /* libGTM_DebugUtils.a */; };
		C01BF49AB5624DE0B42DDF0F /* libGTM_GTMURLBuilder.a in Frameworks */ = {isa = PBXBuildFile; fileRef = BB1DDAC0DE7749D4ABCF4C1D /* libGTM_GTMURLBuilder.a */; };
		5A6B7F295C0D43F3AE557039 /* libGTM_KVO.a in Frameworks */ = {isa = PBXBuildFile; fileRef = 3EDB122A1BAE4196AE7B826F /* libGTM_KVO.a */; };
		1DE95F261A2F47A7808BFA85 /* libGTM_NSData+zlib.a in Frameworks */ = {isa = PBXBuildFile; fileRef = 0537F15D165943E1B3E7AC9A /* libGTM_NSData+zlib.a */; };
		9F0B2E904E064FACA8643B74 /* libGTM_NSDictionary+URLArguments.a in Frameworks */ = {isa = PBXBuildFile; fileRef = DD8618919C0749D3BEA31614 /* libGTM_NSDictionary+URLArguments.a */; };
		92335FFFA4814DFAA51A46C5 /* libGTM_NSScannerJSON.a in Frameworks */ = {isa = PBXBuildFile; fileRef = E50F7E0EC6794764ABA97577 /* libGTM_NSScannerJSON.a */; };
		1C4DE9CCDDE848AEB46CC21B /* libGTM_NSStringHTML.a in Frameworks */ = {isa = PBXBuildFile; fileRef = BF0B0C7E44234598B5E29687 /* libGTM_NSStringHTML.a */; };
		084B8D63AC374A53B3150DC0 /* libGTM_NSStringXML.a in Frameworks */ = {isa = PBXBuildFile; fileRef = 73C740CD434D40B79649FC2E /* libGTM_NSStringXML.a */; };
		5AAD40E3708E424BA7A39E62 /* libGTM_Regex.a in Frameworks */ = {isa = PBXBuildFile; fileRef = 6D04BB6A6FF344F58735D606 /* libGTM_Regex.a */; };
		1E77F720B5C440A794E37A75 /* libGTM_RoundedRectPath.a in Frameworks */ = {isa = PBXBuildFile; fileRef = 270954BC206242E193614435 /* libGTM_RoundedRectPath.a */; };
		825FEE2B52214D7391AA18E6 /* libGTM_StringEncoding.a in Frameworks */ = {isa = PBXBuildFile; fileRef = E8813A16CBE14221A2586820 /* libGTM_StringEncoding.a */; };
		87220CE10A8746A4B113A4E7 /* libGTM_SystemVersion.a in Frameworks */ = {isa = PBXBuildFile; fileRef = 57751D9C88DE4240AA40D60B /* libGTM_SystemVersion.a */; };
		DE2858D1F1C241F0931E63B1 /* libGTM_UIFont+LineHeight.a in Frameworks */ = {isa = PBXBuildFile; fileRef = 5010AA787C8B4127AFA83329 /* libGTM_UIFont+LineHeight.a */; };
		F83E5CE2F0544B3E8930B17D /* libGTM_core.a in Frameworks */ = {isa = PBXBuildFile; fileRef = 81B31799A69C46A98EF144CA /* libGTM_core.a */; };
		9EA913A253F446AF98F31680 /* libGTM_iPhone.a in Frameworks */ = {isa = PBXBuildFile; fileRef = E7FF8EA586CF44AA8215673A /* libGTM_iPhone.a */; };
		E091FC2FD3B147ECB9199EA1 /* libGcmLib.a in Frameworks */ = {isa = PBXBuildFile; fileRef = 297ACBA411B8476BB28D490A /* libGcmLib.a */; };
		636C217974F84A02965F565A /* libProtocolBuffers.a in Frameworks */ = {isa = PBXBuildFile; fileRef = 0941C1A1552F4379AF42C8AE /* libProtocolBuffers.a */; };
		4AE7DEE4133D41C88D04CE5B /* AddressBook.framework in Frameworks */ = {isa = PBXBuildFile; fileRef = 4B1826A0600E4C2CBFA0A9D5 /* AddressBook.framework */; };
		6EB4777E219543A099E21817 /* libsqlite3.tbd in Frameworks */ = {isa = PBXBuildFile; fileRef = CF31C2CD3636442F876A11C3 /* libsqlite3.tbd */; };
		79410D1A4BD04880B0278870 /* libz.tbd in Frameworks */ = {isa = PBXBuildFile; fileRef = 62F9865DAA7D464CA5B01139 /* libz.tbd */; };
		BEB8A5462D7D412881980C36 /* CDVDevice.m in Sources */ = {isa = PBXBuildFile; fileRef = E4076D33498047D9BC065CFC /* CDVDevice.m */; };
		18925F9C641E442BAA3AF603 /* CDVNotification.m in Sources */ = {isa = PBXBuildFile; fileRef = 9646BF8DAC41461BB6290DF6 /* CDVNotification.m */; };
		CD4048B11F3F49D0839DCE63 /* CDVNotification.bundle in Resources */ = {isa = PBXBuildFile; fileRef = 314287C7429C4CBFBB72B568 /* CDVNotification.bundle */; };
		D2520B62505A4EE89E5B5E32 /* AudioToolbox.framework in Frameworks */ = {isa = PBXBuildFile; fileRef = C4FA796A6ECD44D6A549D54F /* AudioToolbox.framework */; settings = {ATTRIBUTES = (Weak, ); }; };
		4BFC861EBBE74A7B9D44ABCF /* CDVInAppBrowser.m in Sources */ = {isa = PBXBuildFile; fileRef = 2C0D28725A1647EA9EBED9ED /* CDVInAppBrowser.m */; };
		CE75F92045AA4C5A9824F741 /* CDVConnection.m in Sources */ = {isa = PBXBuildFile; fileRef = 37D515A201CA424A9078EFF8 /* CDVConnection.m */; };
		0697160DDE4645CB8C2AFC28 /* CDVReachability.m in Sources */ = {isa = PBXBuildFile; fileRef = ADB0B133255948CF8E98FBD2 /* CDVReachability.m */; };
		97DE7983E20B4BDBBD8001BB /* SystemConfiguration.framework in Frameworks */ = {isa = PBXBuildFile; fileRef = 1944F02F55A54CCCA102A2D5 /* SystemConfiguration.framework */; settings = {ATTRIBUTES = (Weak, ); }; };
		3CCAAF8A115848C398520C9B /* CoreTelephony.framework in Frameworks */ = {isa = PBXBuildFile; fileRef = 668CC111A9A748089969AC26 /* CoreTelephony.framework */; };
		BA6CA99BB7A94E8FBF72992B /* CDVStatusBar.m in Sources */ = {isa = PBXBuildFile; fileRef = 8AFC9CCCC6E646E5AD89291D /* CDVStatusBar.m */; };
		51139C79B91D4973953159DD /* CDVContacts.m in Sources */ = {isa = PBXBuildFile; fileRef = 6CF0F463A1C141E485A7A22B /* CDVContacts.m */; };
		81CAC074B1A447BC990156FE /* CDVContact.m in Sources */ = {isa = PBXBuildFile; fileRef = 3BB108684519469393751144 /* CDVContact.m */; };
		3A148FAC1FDF4AA1AF3FD044 /* AddressBookUI.framework in Frameworks */ = {isa = PBXBuildFile; fileRef = 47BDAEEC86FF4F3CA9723D24 /* AddressBookUI.framework */; settings = {ATTRIBUTES = (Weak, ); }; };
		B23A5D8A2CEC4F82A320E1B9 /* NSString+SSURLEncoding.m in Sources */ = {isa = PBXBuildFile; fileRef = D356775285C24585A2D645C2 /* NSString+SSURLEncoding.m */; };
		6C0C12A25EBA4AFFAD143726 /* SocialSharing.m in Sources */ = {isa = PBXBuildFile; fileRef = 08E25051BF824A18BEA47FD5 /* SocialSharing.m */; };
		7192E2B1FC1947419EE67B07 /* Social.framework in Frameworks */ = {isa = PBXBuildFile; fileRef = A1EE9709A88C47F383367042 /* Social.framework */; settings = {ATTRIBUTES = (Weak, ); }; };
		FC5E94B88A884C8893E6641C /* MessageUI.framework in Frameworks */ = {isa = PBXBuildFile; fileRef = 69D3A243AFCF4B31B48855B2 /* MessageUI.framework */; settings = {ATTRIBUTES = (Weak, ); }; };
/* End PBXBuildFile section */

/* Begin PBXContainerItemProxy section */
		301BF534109A57CC0062928A /* PBXContainerItemProxy */ = {
			isa = PBXContainerItemProxy;
			containerPortal = 301BF52D109A57CC0062928A /* CordovaLib.xcodeproj */;
			proxyType = 2;
			remoteGlobalIDString = D2AAC07E0554694100DB518D;
			remoteInfo = CordovaLib;
		};
		301BF550109A68C00062928A /* PBXContainerItemProxy */ = {
			isa = PBXContainerItemProxy;
			containerPortal = 301BF52D109A57CC0062928A /* CordovaLib.xcodeproj */;
			proxyType = 1;
			remoteGlobalIDString = D2AAC07D0554694100DB518D;
			remoteInfo = CordovaLib;
		};
/* End PBXContainerItemProxy section */

/* Begin PBXFileReference section */
		0207DA571B56EA530066E2B4 /* Images.xcassets */ = {isa = PBXFileReference; lastKnownFileType = folder.assetcatalog; name = Images.xcassets; path = "Carnet Per Abitare/Images.xcassets"; sourceTree = SOURCE_ROOT; };
		1D3623240D0F684500981E51 /* AppDelegate.h */ = {isa = PBXFileReference; fileEncoding = 4; lastKnownFileType = sourcecode.c.h; path = AppDelegate.h; sourceTree = "<group>"; };
		1D3623250D0F684500981E51 /* AppDelegate.m */ = {isa = PBXFileReference; fileEncoding = 4; lastKnownFileType = sourcecode.c.objc; path = AppDelegate.m; sourceTree = "<group>"; };
		1D6058910D05DD3D006BFB54 /* Carnet Per Abitare.app */ = {isa = PBXFileReference; explicitFileType = wrapper.application; includeInIndex = 0; path = "Carnet Per Abitare.app"; sourceTree = BUILT_PRODUCTS_DIR; };
		29B97316FDCFA39411CA2CEA /* main.m */ = {isa = PBXFileReference; fileEncoding = 4; lastKnownFileType = sourcecode.c.objc; path = main.m; sourceTree = "<group>"; };
		301BF52D109A57CC0062928A /* CordovaLib.xcodeproj */ = {isa = PBXFileReference; lastKnownFileType = "wrapper.pb-project"; name = CordovaLib.xcodeproj; path = CordovaLib/CordovaLib.xcodeproj; sourceTree = "<group>"; };
		301BF56E109A69640062928A /* www */ = {isa = PBXFileReference; lastKnownFileType = folder; path = www; sourceTree = SOURCE_ROOT; };
		302D95EE14D2391D003F00A1 /* MainViewController.h */ = {isa = PBXFileReference; fileEncoding = 4; lastKnownFileType = sourcecode.c.h; path = MainViewController.h; sourceTree = "<group>"; };
		302D95EF14D2391D003F00A1 /* MainViewController.m */ = {isa = PBXFileReference; fileEncoding = 4; lastKnownFileType = sourcecode.c.objc; path = MainViewController.m; sourceTree = "<group>"; };
		302D95F014D2391D003F00A1 /* MainViewController.xib */ = {isa = PBXFileReference; fileEncoding = 4; lastKnownFileType = file.xib; path = MainViewController.xib; sourceTree = "<group>"; };
		3047A50F1AB8059700498E2A /* build-debug.xcconfig */ = {isa = PBXFileReference; fileEncoding = 4; lastKnownFileType = text.xcconfig; name = "build-debug.xcconfig"; path = cordova/build-debug.xcconfig; sourceTree = SOURCE_ROOT; };
		3047A5101AB8059700498E2A /* build-release.xcconfig */ = {isa = PBXFileReference; fileEncoding = 4; lastKnownFileType = text.xcconfig; name = "build-release.xcconfig"; path = cordova/build-release.xcconfig; sourceTree = SOURCE_ROOT; };
		3047A5111AB8059700498E2A /* build.xcconfig */ = {isa = PBXFileReference; fileEncoding = 4; lastKnownFileType = text.xcconfig; name = build.xcconfig; path = cordova/build.xcconfig; sourceTree = SOURCE_ROOT; };
		32CA4F630368D1EE00C91783 /* Carnet Per Abitare-Prefix.pch */ = {isa = PBXFileReference; fileEncoding = 4; lastKnownFileType = sourcecode.c.h; path = "Carnet Per Abitare-Prefix.pch"; sourceTree = "<group>"; };
		6AFF5BF81D6E424B00AB3073 /* CDVLaunchScreen.storyboard */ = {isa = PBXFileReference; fileEncoding = 4; lastKnownFileType = file.storyboard; name = CDVLaunchScreen.storyboard; path = "Carnet Per Abitare/CDVLaunchScreen.storyboard"; sourceTree = SOURCE_ROOT; };
		8D1107310486CEB800E47090 /* Carnet Per Abitare-Info.plist */ = {isa = PBXFileReference; fileEncoding = 4; lastKnownFileType = text.plist.xml; name = "Carnet Per Abitare-Info.plist"; path = "Carnet Per Abitare/Carnet Per Abitare-Info.plist"; plistStructureDefinitionIdentifier = "com.apple.xcode.plist.structure-definition.iphone.info-plist"; sourceTree = SOURCE_ROOT; };
		EB87FDF31871DA8E0020F90C /* www */ = {isa = PBXFileReference; lastKnownFileType = folder; name = www; path = ../../www; sourceTree = "<group>"; };
		EB87FDF41871DAF40020F90C /* config.xml */ = {isa = PBXFileReference; lastKnownFileType = text.xml; name = config.xml; path = ../../config.xml; sourceTree = "<group>"; };
		F840E1F0165FE0F500CFE078 /* config.xml */ = {isa = PBXFileReference; lastKnownFileType = text.xml; name = config.xml; path = "Carnet Per Abitare/config.xml"; sourceTree = "<group>"; };
		ED33DF2A687741AEAF9F8254 /* Bridging-Header.h */ = {isa = PBXFileReference; fileEncoding = 4; lastKnownFileType = sourcecode.c.h; name = "Bridging-Header.h"; path = "Bridging-Header.h"; sourceTree = "<group>"; };
		E83A4A92BA644AEDB4E7AB7C /* AppDelegate+notification.m */ = {isa = PBXFileReference; name = "AppDelegate+notification.m"; path = "phonegap-plugin-push/AppDelegate+notification.m"; sourceTree = "<group>"; fileEncoding = 4; lastKnownFileType = sourcecode.c.objc; explicitFileType = undefined; includeInIndex = 0; };
		CB62C0E26EA24414814CD920 /* PushPlugin.m */ = {isa = PBXFileReference; name = "PushPlugin.m"; path = "phonegap-plugin-push/PushPlugin.m"; sourceTree = "<group>"; fileEncoding = 4; lastKnownFileType = sourcecode.c.objc; explicitFileType = undefined; includeInIndex = 0; };
		7ACAE4E5EF594B4A8DE49972 /* libGGLCloudMessaging.a */ = {isa = PBXFileReference; name = "libGGLCloudMessaging.a"; path = "Carnet Per Abitare/Plugins/phonegap-plugin-push/GCM/Libraries/libGGLCloudMessaging.a"; sourceTree = "<group>"; fileEncoding = undefined; lastKnownFileType = archive.ar; explicitFileType = undefined; includeInIndex = 0; };
		BAD677EA0BEB4490BF8385AD /* libGGLCore.a */ = {isa = PBXFileReference; name = "libGGLCore.a"; path = "Carnet Per Abitare/Plugins/phonegap-plugin-push/GCM/Libraries/libGGLCore.a"; sourceTree = "<group>"; fileEncoding = undefined; lastKnownFileType = archive.ar; explicitFileType = undefined; includeInIndex = 0; };
		32289E0A42FA4566BE93CD01 /* libGGLInstanceIDLib.a */ = {isa = PBXFileReference; name = "libGGLInstanceIDLib.a"; path = "Carnet Per Abitare/Plugins/phonegap-plugin-push/GCM/Libraries/libGGLInstanceIDLib.a"; sourceTree = "<group>"; fileEncoding = undefined; lastKnownFileType = archive.ar; explicitFileType = undefined; includeInIndex = 0; };
		A826A065B4094706A47F13B7 /* libGIP_Reachability.a */ = {isa = PBXFileReference; name = "libGIP_Reachability.a"; path = "Carnet Per Abitare/Plugins/phonegap-plugin-push/GCM/Libraries/libGIP_Reachability.a"; sourceTree = "<group>"; fileEncoding = undefined; lastKnownFileType = archive.ar; explicitFileType = undefined; includeInIndex = 0; };
		7B55428D2A5242DDB71E3624 /* libGSDK_Overload.a */ = {isa = PBXFileReference; name = "libGSDK_Overload.a"; path = "Carnet Per Abitare/Plugins/phonegap-plugin-push/GCM/Libraries/libGSDK_Overload.a"; sourceTree = "<group>"; fileEncoding = undefined; lastKnownFileType = archive.ar; explicitFileType = undefined; includeInIndex = 0; };
		51B506DD760A445A8CCA7376 /* libGTMSessionFetcher_core.a */ = {isa = PBXFileReference; name = "libGTMSessionFetcher_core.a"; path = "Carnet Per Abitare/Plugins/phonegap-plugin-push/GCM/Libraries/libGTMSessionFetcher_core.a"; sourceTree = "<group>"; fileEncoding = undefined; lastKnownFileType = archive.ar; explicitFileType = undefined; includeInIndex = 0; };
		A82B6967B9D9492C9531A13F /* libGTMSessionFetcher_full.a */ = {isa = PBXFileReference; name = "libGTMSessionFetcher_full.a"; path = "Carnet Per Abitare/Plugins/phonegap-plugin-push/GCM/Libraries/libGTMSessionFetcher_full.a"; sourceTree = "<group>"; fileEncoding = undefined; lastKnownFileType = archive.ar; explicitFileType = undefined; includeInIndex = 0; };
		0A57DE9D126D4F5C85F3F691 /* libGTMStackTrace.a */ = {isa = PBXFileReference; name = "libGTMStackTrace.a"; path = "Carnet Per Abitare/Plugins/phonegap-plugin-push/GCM/Libraries/libGTMStackTrace.a"; sourceTree = "<group>"; fileEncoding = undefined; lastKnownFileType = archive.ar; explicitFileType = undefined; includeInIndex = 0; };
		AE0C047C70BA4D62BF5CF5E1 /* libGTM_AddressBook.a */ = {isa = PBXFileReference; name = "libGTM_AddressBook.a"; path = "Carnet Per Abitare/Plugins/phonegap-plugin-push/GCM/Libraries/libGTM_AddressBook.a"; sourceTree = "<group>"; fileEncoding = undefined; lastKnownFileType = archive.ar; explicitFileType = undefined; includeInIndex = 0; };
		D2D7276B16154C9CA5A8C88C /* libGTM_DebugUtils.a */ = {isa = PBXFileReference; name = "libGTM_DebugUtils.a"; path = "Carnet Per Abitare/Plugins/phonegap-plugin-push/GCM/Libraries/libGTM_DebugUtils.a"; sourceTree = "<group>"; fileEncoding = undefined; lastKnownFileType = archive.ar; explicitFileType = undefined; includeInIndex = 0; };
		BB1DDAC0DE7749D4ABCF4C1D /* libGTM_GTMURLBuilder.a */ = {isa = PBXFileReference; name = "libGTM_GTMURLBuilder.a"; path = "Carnet Per Abitare/Plugins/phonegap-plugin-push/GCM/Libraries/libGTM_GTMURLBuilder.a"; sourceTree = "<group>"; fileEncoding = undefined; lastKnownFileType = archive.ar; explicitFileType = undefined; includeInIndex = 0; };
		3EDB122A1BAE4196AE7B826F /* libGTM_KVO.a */ = {isa = PBXFileReference; name = "libGTM_KVO.a"; path = "Carnet Per Abitare/Plugins/phonegap-plugin-push/GCM/Libraries/libGTM_KVO.a"; sourceTree = "<group>"; fileEncoding = undefined; lastKnownFileType = archive.ar; explicitFileType = undefined; includeInIndex = 0; };
		0537F15D165943E1B3E7AC9A /* libGTM_NSData+zlib.a */ = {isa = PBXFileReference; name = "libGTM_NSData+zlib.a"; path = "Carnet Per Abitare/Plugins/phonegap-plugin-push/GCM/Libraries/libGTM_NSData+zlib.a"; sourceTree = "<group>"; fileEncoding = undefined; lastKnownFileType = archive.ar; explicitFileType = undefined; includeInIndex = 0; };
		DD8618919C0749D3BEA31614 /* libGTM_NSDictionary+URLArguments.a */ = {isa = PBXFileReference; name = "libGTM_NSDictionary+URLArguments.a"; path = "Carnet Per Abitare/Plugins/phonegap-plugin-push/GCM/Libraries/libGTM_NSDictionary+URLArguments.a"; sourceTree = "<group>"; fileEncoding = undefined; lastKnownFileType = archive.ar; explicitFileType = undefined; includeInIndex = 0; };
		E50F7E0EC6794764ABA97577 /* libGTM_NSScannerJSON.a */ = {isa = PBXFileReference; name = "libGTM_NSScannerJSON.a"; path = "Carnet Per Abitare/Plugins/phonegap-plugin-push/GCM/Libraries/libGTM_NSScannerJSON.a"; sourceTree = "<group>"; fileEncoding = undefined; lastKnownFileType = archive.ar; explicitFileType = undefined; includeInIndex = 0; };
		BF0B0C7E44234598B5E29687 /* libGTM_NSStringHTML.a */ = {isa = PBXFileReference; name = "libGTM_NSStringHTML.a"; path = "Carnet Per Abitare/Plugins/phonegap-plugin-push/GCM/Libraries/libGTM_NSStringHTML.a"; sourceTree = "<group>"; fileEncoding = undefined; lastKnownFileType = archive.ar; explicitFileType = undefined; includeInIndex = 0; };
		73C740CD434D40B79649FC2E /* libGTM_NSStringXML.a */ = {isa = PBXFileReference; name = "libGTM_NSStringXML.a"; path = "Carnet Per Abitare/Plugins/phonegap-plugin-push/GCM/Libraries/libGTM_NSStringXML.a"; sourceTree = "<group>"; fileEncoding = undefined; lastKnownFileType = archive.ar; explicitFileType = undefined; includeInIndex = 0; };
		6D04BB6A6FF344F58735D606 /* libGTM_Regex.a */ = {isa = PBXFileReference; name = "libGTM_Regex.a"; path = "Carnet Per Abitare/Plugins/phonegap-plugin-push/GCM/Libraries/libGTM_Regex.a"; sourceTree = "<group>"; fileEncoding = undefined; lastKnownFileType = archive.ar; explicitFileType = undefined; includeInIndex = 0; };
		270954BC206242E193614435 /* libGTM_RoundedRectPath.a */ = {isa = PBXFileReference; name = "libGTM_RoundedRectPath.a"; path = "Carnet Per Abitare/Plugins/phonegap-plugin-push/GCM/Libraries/libGTM_RoundedRectPath.a"; sourceTree = "<group>"; fileEncoding = undefined; lastKnownFileType = archive.ar; explicitFileType = undefined; includeInIndex = 0; };
		E8813A16CBE14221A2586820 /* libGTM_StringEncoding.a */ = {isa = PBXFileReference; name = "libGTM_StringEncoding.a"; path = "Carnet Per Abitare/Plugins/phonegap-plugin-push/GCM/Libraries/libGTM_StringEncoding.a"; sourceTree = "<group>"; fileEncoding = undefined; lastKnownFileType = archive.ar; explicitFileType = undefined; includeInIndex = 0; };
		57751D9C88DE4240AA40D60B /* libGTM_SystemVersion.a */ = {isa = PBXFileReference; name = "libGTM_SystemVersion.a"; path = "Carnet Per Abitare/Plugins/phonegap-plugin-push/GCM/Libraries/libGTM_SystemVersion.a"; sourceTree = "<group>"; fileEncoding = undefined; lastKnownFileType = archive.ar; explicitFileType = undefined; includeInIndex = 0; };
		5010AA787C8B4127AFA83329 /* libGTM_UIFont+LineHeight.a */ = {isa = PBXFileReference; name = "libGTM_UIFont+LineHeight.a"; path = "Carnet Per Abitare/Plugins/phonegap-plugin-push/GCM/Libraries/libGTM_UIFont+LineHeight.a"; sourceTree = "<group>"; fileEncoding = undefined; lastKnownFileType = archive.ar; explicitFileType = undefined; includeInIndex = 0; };
		81B31799A69C46A98EF144CA /* libGTM_core.a */ = {isa = PBXFileReference; name = "libGTM_core.a"; path = "Carnet Per Abitare/Plugins/phonegap-plugin-push/GCM/Libraries/libGTM_core.a"; sourceTree = "<group>"; fileEncoding = undefined; lastKnownFileType = archive.ar; explicitFileType = undefined; includeInIndex = 0; };
		E7FF8EA586CF44AA8215673A /* libGTM_iPhone.a */ = {isa = PBXFileReference; name = "libGTM_iPhone.a"; path = "Carnet Per Abitare/Plugins/phonegap-plugin-push/GCM/Libraries/libGTM_iPhone.a"; sourceTree = "<group>"; fileEncoding = undefined; lastKnownFileType = archive.ar; explicitFileType = undefined; includeInIndex = 0; };
		297ACBA411B8476BB28D490A /* libGcmLib.a */ = {isa = PBXFileReference; name = "libGcmLib.a"; path = "Carnet Per Abitare/Plugins/phonegap-plugin-push/GCM/Libraries/libGcmLib.a"; sourceTree = "<group>"; fileEncoding = undefined; lastKnownFileType = archive.ar; explicitFileType = undefined; includeInIndex = 0; };
		0941C1A1552F4379AF42C8AE /* libProtocolBuffers.a */ = {isa = PBXFileReference; name = "libProtocolBuffers.a"; path = "Carnet Per Abitare/Plugins/phonegap-plugin-push/GCM/Libraries/libProtocolBuffers.a"; sourceTree = "<group>"; fileEncoding = undefined; lastKnownFileType = archive.ar; explicitFileType = undefined; includeInIndex = 0; };
		70965148462A4C4C92EA9EA6 /* AppDelegate+notification.h */ = {isa = PBXFileReference; name = "AppDelegate+notification.h"; path = "phonegap-plugin-push/AppDelegate+notification.h"; sourceTree = "<group>"; fileEncoding = 4; lastKnownFileType = sourcecode.c.h; explicitFileType = undefined; includeInIndex = 0; };
		E6C8143FCADB4A89B7C0E7EB /* PushPlugin.h */ = {isa = PBXFileReference; name = "PushPlugin.h"; path = "phonegap-plugin-push/PushPlugin.h"; sourceTree = "<group>"; fileEncoding = 4; lastKnownFileType = sourcecode.c.h; explicitFileType = undefined; includeInIndex = 0; };
		CA5D3ECA981F4715AABBF655 /* GGLInstanceID.h */ = {isa = PBXFileReference; name = "GGLInstanceID.h"; path = "phonegap-plugin-push/GCM/Headers/GGLInstanceID.h"; sourceTree = "<group>"; fileEncoding = 4; lastKnownFileType = sourcecode.c.h; explicitFileType = undefined; includeInIndex = 0; };
		88833BF0AA824693BAA484FF /* GGLInstanceIDConfig.h */ = {isa = PBXFileReference; name = "GGLInstanceIDConfig.h"; path = "phonegap-plugin-push/GCM/Headers/GGLInstanceIDConfig.h"; sourceTree = "<group>"; fileEncoding = 4; lastKnownFileType = sourcecode.c.h; explicitFileType = undefined; includeInIndex = 0; };
		A803629499B440BBBAD873F5 /* GGLInstanceIDDelegate.h */ = {isa = PBXFileReference; name = "GGLInstanceIDDelegate.h"; path = "phonegap-plugin-push/GCM/Headers/GGLInstanceIDDelegate.h"; sourceTree = "<group>"; fileEncoding = 4; lastKnownFileType = sourcecode.c.h; explicitFileType = undefined; includeInIndex = 0; };
		8DA09EDD84454F35839931D9 /* GGLInstanceIDHeaders.h */ = {isa = PBXFileReference; name = "GGLInstanceIDHeaders.h"; path = "phonegap-plugin-push/GCM/Headers/GGLInstanceIDHeaders.h"; sourceTree = "<group>"; fileEncoding = 4; lastKnownFileType = sourcecode.c.h; explicitFileType = undefined; includeInIndex = 0; };
		8D1266B217B943E5A37F656B /* CloudMessaging.h */ = {isa = PBXFileReference; name = "CloudMessaging.h"; path = "phonegap-plugin-push/GCM/Headers/CloudMessaging.h"; sourceTree = "<group>"; fileEncoding = 4; lastKnownFileType = sourcecode.c.h; explicitFileType = undefined; includeInIndex = 0; };
		1FB0C8753CDA4C35995B67B3 /* GGLContext+CloudMessaging.h */ = {isa = PBXFileReference; name = "GGLContext+CloudMessaging.h"; path = "phonegap-plugin-push/GCM/Headers/GGLContext+CloudMessaging.h"; sourceTree = "<group>"; fileEncoding = 4; lastKnownFileType = sourcecode.c.h; explicitFileType = undefined; includeInIndex = 0; };
		9AD7A3016D8B4DAAAE2BB661 /* Core.h */ = {isa = PBXFileReference; name = "Core.h"; path = "phonegap-plugin-push/GCM/Headers/Core.h"; sourceTree = "<group>"; fileEncoding = 4; lastKnownFileType = sourcecode.c.h; explicitFileType = undefined; includeInIndex = 0; };
		F951B41B4E5042E1AD6D539A /* GGLConfiguration.h */ = {isa = PBXFileReference; name = "GGLConfiguration.h"; path = "phonegap-plugin-push/GCM/Headers/GGLConfiguration.h"; sourceTree = "<group>"; fileEncoding = 4; lastKnownFileType = sourcecode.c.h; explicitFileType = undefined; includeInIndex = 0; };
		567551E2D10841DBBFEB64B2 /* GGLContext.h */ = {isa = PBXFileReference; name = "GGLContext.h"; path = "phonegap-plugin-push/GCM/Headers/GGLContext.h"; sourceTree = "<group>"; fileEncoding = 4; lastKnownFileType = sourcecode.c.h; explicitFileType = undefined; includeInIndex = 0; };
		5ADCFC34575C40188355EAF3 /* GGLErrorCode.h */ = {isa = PBXFileReference; name = "GGLErrorCode.h"; path = "phonegap-plugin-push/GCM/Headers/GGLErrorCode.h"; sourceTree = "<group>"; fileEncoding = 4; lastKnownFileType = sourcecode.c.h; explicitFileType = undefined; includeInIndex = 0; };
		A7B1838617BA4200BFE8515D /* GCMConfig.h */ = {isa = PBXFileReference; name = "GCMConfig.h"; path = "phonegap-plugin-push/GCM/Headers/GCMConfig.h"; sourceTree = "<group>"; fileEncoding = 4; lastKnownFileType = sourcecode.c.h; explicitFileType = undefined; includeInIndex = 0; };
		58140B475F09492C8769B8CD /* GCMPubSub.h */ = {isa = PBXFileReference; name = "GCMPubSub.h"; path = "phonegap-plugin-push/GCM/Headers/GCMPubSub.h"; sourceTree = "<group>"; fileEncoding = 4; lastKnownFileType = sourcecode.c.h; explicitFileType = undefined; includeInIndex = 0; };
		850E4106324848EDBD8CE85A /* GCMReceiverDelegate.h */ = {isa = PBXFileReference; name = "GCMReceiverDelegate.h"; path = "phonegap-plugin-push/GCM/Headers/GCMReceiverDelegate.h"; sourceTree = "<group>"; fileEncoding = 4; lastKnownFileType = sourcecode.c.h; explicitFileType = undefined; includeInIndex = 0; };
		A3A392C654CD4CB688E5C964 /* GCMService.h */ = {isa = PBXFileReference; name = "GCMService.h"; path = "phonegap-plugin-push/GCM/Headers/GCMService.h"; sourceTree = "<group>"; fileEncoding = 4; lastKnownFileType = sourcecode.c.h; explicitFileType = undefined; includeInIndex = 0; };
		9B0AAA22553245028652A9BC /* GoogleCloudMessaging.h */ = {isa = PBXFileReference; name = "GoogleCloudMessaging.h"; path = "phonegap-plugin-push/GCM/Headers/GoogleCloudMessaging.h"; sourceTree = "<group>"; fileEncoding = 4; lastKnownFileType = sourcecode.c.h; explicitFileType = undefined; includeInIndex = 0; };
		4B1826A0600E4C2CBFA0A9D5 /* AddressBook.framework */ = {isa = PBXFileReference; name = "AddressBook.framework"; path = "System/Library/Frameworks/AddressBook.framework"; sourceTree = SDKROOT; fileEncoding = undefined; lastKnownFileType = wrapper.framework; explicitFileType = undefined; includeInIndex = 0; };
		CF31C2CD3636442F876A11C3 /* libsqlite3.tbd */ = {isa = PBXFileReference; name = "libsqlite3.tbd"; path = "usr/lib/libsqlite3.tbd"; sourceTree = SDKROOT; fileEncoding = undefined; lastKnownFileType = sourcecode.text-based-dylib-definition; explicitFileType = undefined; includeInIndex = 0; };
		62F9865DAA7D464CA5B01139 /* libz.tbd */ = {isa = PBXFileReference; name = "libz.tbd"; path = "usr/lib/libz.tbd"; sourceTree = SDKROOT; fileEncoding = undefined; lastKnownFileType = sourcecode.text-based-dylib-definition; explicitFileType = undefined; includeInIndex = 0; };
		E4076D33498047D9BC065CFC /* CDVDevice.m */ = {isa = PBXFileReference; name = "CDVDevice.m"; path = "cordova-plugin-device/CDVDevice.m"; sourceTree = "<group>"; fileEncoding = 4; lastKnownFileType = sourcecode.c.objc; explicitFileType = undefined; includeInIndex = 0; };
		44AF8979A8374A6790050862 /* CDVDevice.h */ = {isa = PBXFileReference; name = "CDVDevice.h"; path = "cordova-plugin-device/CDVDevice.h"; sourceTree = "<group>"; fileEncoding = 4; lastKnownFileType = sourcecode.c.h; explicitFileType = undefined; includeInIndex = 0; };
		9646BF8DAC41461BB6290DF6 /* CDVNotification.m */ = {isa = PBXFileReference; name = "CDVNotification.m"; path = "cordova-plugin-dialogs/CDVNotification.m"; sourceTree = "<group>"; fileEncoding = 4; lastKnownFileType = sourcecode.c.objc; explicitFileType = undefined; includeInIndex = 0; };
		8922CC020C724702A35A546C /* CDVNotification.h */ = {isa = PBXFileReference; name = "CDVNotification.h"; path = "cordova-plugin-dialogs/CDVNotification.h"; sourceTree = "<group>"; fileEncoding = 4; lastKnownFileType = sourcecode.c.h; explicitFileType = undefined; includeInIndex = 0; };
		314287C7429C4CBFBB72B568 /* CDVNotification.bundle */ = {isa = PBXFileReference; name = "CDVNotification.bundle"; path = "CDVNotification.bundle"; sourceTree = "<group>"; fileEncoding = undefined; lastKnownFileType = wrapper.plug-in; explicitFileType = undefined; includeInIndex = 0; };
		C4FA796A6ECD44D6A549D54F /* AudioToolbox.framework */ = {isa = PBXFileReference; name = "AudioToolbox.framework"; path = "System/Library/Frameworks/AudioToolbox.framework"; sourceTree = SDKROOT; fileEncoding = undefined; lastKnownFileType = wrapper.framework; explicitFileType = undefined; includeInIndex = 0; };
		2C0D28725A1647EA9EBED9ED /* CDVInAppBrowser.m */ = {isa = PBXFileReference; name = "CDVInAppBrowser.m"; path = "cordova-plugin-inappbrowser/CDVInAppBrowser.m"; sourceTree = "<group>"; fileEncoding = 4; lastKnownFileType = sourcecode.c.objc; explicitFileType = undefined; includeInIndex = 0; };
		468A69DBAC204CFC8B8728B2 /* CDVInAppBrowser.h */ = {isa = PBXFileReference; name = "CDVInAppBrowser.h"; path = "cordova-plugin-inappbrowser/CDVInAppBrowser.h"; sourceTree = "<group>"; fileEncoding = 4; lastKnownFileType = sourcecode.c.h; explicitFileType = undefined; includeInIndex = 0; };
		37D515A201CA424A9078EFF8 /* CDVConnection.m */ = {isa = PBXFileReference; name = "CDVConnection.m"; path = "cordova-plugin-network-information/CDVConnection.m"; sourceTree = "<group>"; fileEncoding = 4; lastKnownFileType = sourcecode.c.objc; explicitFileType = undefined; includeInIndex = 0; };
		ADB0B133255948CF8E98FBD2 /* CDVReachability.m */ = {isa = PBXFileReference; name = "CDVReachability.m"; path = "cordova-plugin-network-information/CDVReachability.m"; sourceTree = "<group>"; fileEncoding = 4; lastKnownFileType = sourcecode.c.objc; explicitFileType = undefined; includeInIndex = 0; };
		F825270F7FA84D5598F18293 /* CDVConnection.h */ = {isa = PBXFileReference; name = "CDVConnection.h"; path = "cordova-plugin-network-information/CDVConnection.h"; sourceTree = "<group>"; fileEncoding = 4; lastKnownFileType = sourcecode.c.h; explicitFileType = undefined; includeInIndex = 0; };
		6A36F2252B8F4BC786CD2F4E /* CDVReachability.h */ = {isa = PBXFileReference; name = "CDVReachability.h"; path = "cordova-plugin-network-information/CDVReachability.h"; sourceTree = "<group>"; fileEncoding = 4; lastKnownFileType = sourcecode.c.h; explicitFileType = undefined; includeInIndex = 0; };
		1944F02F55A54CCCA102A2D5 /* SystemConfiguration.framework */ = {isa = PBXFileReference; name = "SystemConfiguration.framework"; path = "System/Library/Frameworks/SystemConfiguration.framework"; sourceTree = SDKROOT; fileEncoding = undefined; lastKnownFileType = wrapper.framework; explicitFileType = undefined; includeInIndex = 0; };
		668CC111A9A748089969AC26 /* CoreTelephony.framework */ = {isa = PBXFileReference; name = "CoreTelephony.framework"; path = "System/Library/Frameworks/CoreTelephony.framework"; sourceTree = SDKROOT; fileEncoding = undefined; lastKnownFileType = wrapper.framework; explicitFileType = undefined; includeInIndex = 0; };
		8AFC9CCCC6E646E5AD89291D /* CDVStatusBar.m */ = {isa = PBXFileReference; name = "CDVStatusBar.m"; path = "cordova-plugin-statusbar/CDVStatusBar.m"; sourceTree = "<group>"; fileEncoding = 4; lastKnownFileType = sourcecode.c.objc; explicitFileType = undefined; includeInIndex = 0; };
		0E4F9874B51D431FA87EB779 /* CDVStatusBar.h */ = {isa = PBXFileReference; name = "CDVStatusBar.h"; path = "cordova-plugin-statusbar/CDVStatusBar.h"; sourceTree = "<group>"; fileEncoding = 4; lastKnownFileType = sourcecode.c.h; explicitFileType = undefined; includeInIndex = 0; };
		6CF0F463A1C141E485A7A22B /* CDVContacts.m */ = {isa = PBXFileReference; name = "CDVContacts.m"; path = "cordova-plugin-contacts/CDVContacts.m"; sourceTree = "<group>"; fileEncoding = 4; lastKnownFileType = sourcecode.c.objc; explicitFileType = undefined; includeInIndex = 0; };
		3BB108684519469393751144 /* CDVContact.m */ = {isa = PBXFileReference; name = "CDVContact.m"; path = "cordova-plugin-contacts/CDVContact.m"; sourceTree = "<group>"; fileEncoding = 4; lastKnownFileType = sourcecode.c.objc; explicitFileType = undefined; includeInIndex = 0; };
		11E8935E59A54ED7B619203C /* CDVContacts.h */ = {isa = PBXFileReference; name = "CDVContacts.h"; path = "cordova-plugin-contacts/CDVContacts.h"; sourceTree = "<group>"; fileEncoding = 4; lastKnownFileType = sourcecode.c.h; explicitFileType = undefined; includeInIndex = 0; };
		556D2D5695F345B0ACD113FA /* CDVContact.h */ = {isa = PBXFileReference; name = "CDVContact.h"; path = "cordova-plugin-contacts/CDVContact.h"; sourceTree = "<group>"; fileEncoding = 4; lastKnownFileType = sourcecode.c.h; explicitFileType = undefined; includeInIndex = 0; };
		47BDAEEC86FF4F3CA9723D24 /* AddressBookUI.framework */ = {isa = PBXFileReference; name = "AddressBookUI.framework"; path = "System/Library/Frameworks/AddressBookUI.framework"; sourceTree = SDKROOT; fileEncoding = undefined; lastKnownFileType = wrapper.framework; explicitFileType = undefined; includeInIndex = 0; };
		D356775285C24585A2D645C2 /* NSString+SSURLEncoding.m */ = {isa = PBXFileReference; name = "NSString+SSURLEncoding.m"; path = "cordova-plugin-x-socialsharing/NSString+SSURLEncoding.m"; sourceTree = "<group>"; fileEncoding = 4; lastKnownFileType = sourcecode.c.objc; explicitFileType = undefined; includeInIndex = 0; };
		08E25051BF824A18BEA47FD5 /* SocialSharing.m */ = {isa = PBXFileReference; name = "SocialSharing.m"; path = "cordova-plugin-x-socialsharing/SocialSharing.m"; sourceTree = "<group>"; fileEncoding = 4; lastKnownFileType = sourcecode.c.objc; explicitFileType = undefined; includeInIndex = 0; };
		9E4D66DF2CE14DA1A8ECB0D5 /* NSString+SSURLEncoding.h */ = {isa = PBXFileReference; name = "NSString+SSURLEncoding.h"; path = "cordova-plugin-x-socialsharing/NSString+SSURLEncoding.h"; sourceTree = "<group>"; fileEncoding = 4; lastKnownFileType = sourcecode.c.h; explicitFileType = undefined; includeInIndex = 0; };
		648402DACF25419D8A156534 /* SocialSharing.h */ = {isa = PBXFileReference; name = "SocialSharing.h"; path = "cordova-plugin-x-socialsharing/SocialSharing.h"; sourceTree = "<group>"; fileEncoding = 4; lastKnownFileType = sourcecode.c.h; explicitFileType = undefined; includeInIndex = 0; };
		A1EE9709A88C47F383367042 /* Social.framework */ = {isa = PBXFileReference; name = "Social.framework"; path = "System/Library/Frameworks/Social.framework"; sourceTree = SDKROOT; fileEncoding = undefined; lastKnownFileType = wrapper.framework; explicitFileType = undefined; includeInIndex = 0; };
		69D3A243AFCF4B31B48855B2 /* MessageUI.framework */ = {isa = PBXFileReference; name = "MessageUI.framework"; path = "System/Library/Frameworks/MessageUI.framework"; sourceTree = SDKROOT; fileEncoding = undefined; lastKnownFileType = wrapper.framework; explicitFileType = undefined; includeInIndex = 0; };
/* End PBXFileReference section */

/* Begin PBXFrameworksBuildPhase section */
		1D60588F0D05DD3D006BFB54 /* Frameworks */ = {
			isa = PBXFrameworksBuildPhase;
			buildActionMask = 2147483647;
			files = (
				301BF552109A68D80062928A /* libCordova.a in Frameworks */,
				D07A99F5644049DBAE6B5A0E /* libGGLCloudMessaging.a in Frameworks */,
				F6BD32CDA97B4C7AA79FF63D /* libGGLCore.a in Frameworks */,
				7B7EF83452B04763A5C18295 /* libGGLInstanceIDLib.a in Frameworks */,
				1B2BC0B146E94590B94E1C59 /* libGIP_Reachability.a in Frameworks */,
				20685C04371E4298A3062058 /* libGSDK_Overload.a in Frameworks */,
				A71191AACA784125BAC770F2 /* libGTMSessionFetcher_core.a in Frameworks */,
				D9576AA3D93346828AF56A4F /* libGTMSessionFetcher_full.a in Frameworks */,
				FF72A66C94C74B6DAAA26BEA /* libGTMStackTrace.a in Frameworks */,
				17DA99C59F844400B0EB0523 /* libGTM_AddressBook.a in Frameworks */,
				F0766864B8794BFC943FE593 /* libGTM_DebugUtils.a in Frameworks */,
				C01BF49AB5624DE0B42DDF0F /* libGTM_GTMURLBuilder.a in Frameworks */,
				5A6B7F295C0D43F3AE557039 /* libGTM_KVO.a in Frameworks */,
				1DE95F261A2F47A7808BFA85 /* libGTM_NSData+zlib.a in Frameworks */,
				9F0B2E904E064FACA8643B74 /* libGTM_NSDictionary+URLArguments.a in Frameworks */,
				92335FFFA4814DFAA51A46C5 /* libGTM_NSScannerJSON.a in Frameworks */,
				1C4DE9CCDDE848AEB46CC21B /* libGTM_NSStringHTML.a in Frameworks */,
				084B8D63AC374A53B3150DC0 /* libGTM_NSStringXML.a in Frameworks */,
				5AAD40E3708E424BA7A39E62 /* libGTM_Regex.a in Frameworks */,
				1E77F720B5C440A794E37A75 /* libGTM_RoundedRectPath.a in Frameworks */,
				825FEE2B52214D7391AA18E6 /* libGTM_StringEncoding.a in Frameworks */,
				87220CE10A8746A4B113A4E7 /* libGTM_SystemVersion.a in Frameworks */,
				DE2858D1F1C241F0931E63B1 /* libGTM_UIFont+LineHeight.a in Frameworks */,
				F83E5CE2F0544B3E8930B17D /* libGTM_core.a in Frameworks */,
				9EA913A253F446AF98F31680 /* libGTM_iPhone.a in Frameworks */,
				E091FC2FD3B147ECB9199EA1 /* libGcmLib.a in Frameworks */,
				636C217974F84A02965F565A /* libProtocolBuffers.a in Frameworks */,
				4AE7DEE4133D41C88D04CE5B /* AddressBook.framework in Frameworks */,
				6EB4777E219543A099E21817 /* libsqlite3.tbd in Frameworks */,
				79410D1A4BD04880B0278870 /* libz.tbd in Frameworks */,
				D2520B62505A4EE89E5B5E32 /* AudioToolbox.framework in Frameworks */,
				97DE7983E20B4BDBBD8001BB /* SystemConfiguration.framework in Frameworks */,
				3CCAAF8A115848C398520C9B /* CoreTelephony.framework in Frameworks */,
				3A148FAC1FDF4AA1AF3FD044 /* AddressBookUI.framework in Frameworks */,
				7192E2B1FC1947419EE67B07 /* Social.framework in Frameworks */,
				FC5E94B88A884C8893E6641C /* MessageUI.framework in Frameworks */,
			);
			runOnlyForDeploymentPostprocessing = 0;
		};
/* End PBXFrameworksBuildPhase section */

/* Begin PBXGroup section */
		080E96DDFE201D6D7F000001 /* Classes */ = {
			isa = PBXGroup;
			children = (
				302D95EE14D2391D003F00A1 /* MainViewController.h */,
				302D95EF14D2391D003F00A1 /* MainViewController.m */,
				302D95F014D2391D003F00A1 /* MainViewController.xib */,
				1D3623240D0F684500981E51 /* AppDelegate.h */,
				1D3623250D0F684500981E51 /* AppDelegate.m */,
			);
			name = Classes;
			path = "Carnet Per Abitare/Classes";
			sourceTree = SOURCE_ROOT;
		};
		19C28FACFE9D520D11CA2CBB /* Products */ = {
			isa = PBXGroup;
			children = (
				1D6058910D05DD3D006BFB54 /* Carnet Per Abitare.app */,
			);
			name = Products;
			sourceTree = "<group>";
		};
		29B97314FDCFA39411CA2CEA /* CustomTemplate */ = {
			isa = PBXGroup;
			children = (
				EB87FDF41871DAF40020F90C /* config.xml */,
				EB87FDF31871DA8E0020F90C /* www */,
				EB87FDF11871DA420020F90C /* Staging */,
				301BF52D109A57CC0062928A /* CordovaLib.xcodeproj */,
				080E96DDFE201D6D7F000001 /* Classes */,
				307C750510C5A3420062BCA9 /* Plugins */,
				29B97315FDCFA39411CA2CEA /* Other Sources */,
				29B97317FDCFA39411CA2CEA /* Resources */,
				29B97323FDCFA39411CA2CEA /* Frameworks */,
				19C28FACFE9D520D11CA2CBB /* Products */,
			);
			name = CustomTemplate;
			sourceTree = "<group>";
		};
		29B97315FDCFA39411CA2CEA /* Other Sources */ = {
			isa = PBXGroup;
			children = (
				32CA4F630368D1EE00C91783 /* Carnet Per Abitare-Prefix.pch */,
				29B97316FDCFA39411CA2CEA /* main.m */,
				ED33DF2A687741AEAF9F8254 /* Bridging-Header.h */,
			);
			name = "Other Sources";
			path = "Carnet Per Abitare";
			sourceTree = "<group>";
		};
		29B97317FDCFA39411CA2CEA /* Resources */ = {
			isa = PBXGroup;
			children = (
				0207DA571B56EA530066E2B4 /* Images.xcassets */,
				3047A50E1AB8057F00498E2A /* config */,
				8D1107310486CEB800E47090 /* Carnet Per Abitare-Info.plist */,
				6AFF5BF81D6E424B00AB3073 /* CDVLaunchScreen.storyboard */,
				314287C7429C4CBFBB72B568 /* CDVNotification.bundle */,
			);
			name = Resources;
			path = "Carnet Per Abitare/Resources";
			sourceTree = "<group>";
		};
		29B97323FDCFA39411CA2CEA /* Frameworks */ = {
			isa = PBXGroup;
			children = (
				7ACAE4E5EF594B4A8DE49972 /* libGGLCloudMessaging.a */,
				BAD677EA0BEB4490BF8385AD /* libGGLCore.a */,
				32289E0A42FA4566BE93CD01 /* libGGLInstanceIDLib.a */,
				A826A065B4094706A47F13B7 /* libGIP_Reachability.a */,
				7B55428D2A5242DDB71E3624 /* libGSDK_Overload.a */,
				51B506DD760A445A8CCA7376 /* libGTMSessionFetcher_core.a */,
				A82B6967B9D9492C9531A13F /* libGTMSessionFetcher_full.a */,
				0A57DE9D126D4F5C85F3F691 /* libGTMStackTrace.a */,
				AE0C047C70BA4D62BF5CF5E1 /* libGTM_AddressBook.a */,
				D2D7276B16154C9CA5A8C88C /* libGTM_DebugUtils.a */,
				BB1DDAC0DE7749D4ABCF4C1D /* libGTM_GTMURLBuilder.a */,
				3EDB122A1BAE4196AE7B826F /* libGTM_KVO.a */,
				0537F15D165943E1B3E7AC9A /* libGTM_NSData+zlib.a */,
				DD8618919C0749D3BEA31614 /* libGTM_NSDictionary+URLArguments.a */,
				E50F7E0EC6794764ABA97577 /* libGTM_NSScannerJSON.a */,
				BF0B0C7E44234598B5E29687 /* libGTM_NSStringHTML.a */,
				73C740CD434D40B79649FC2E /* libGTM_NSStringXML.a */,
				6D04BB6A6FF344F58735D606 /* libGTM_Regex.a */,
				270954BC206242E193614435 /* libGTM_RoundedRectPath.a */,
				E8813A16CBE14221A2586820 /* libGTM_StringEncoding.a */,
				57751D9C88DE4240AA40D60B /* libGTM_SystemVersion.a */,
				5010AA787C8B4127AFA83329 /* libGTM_UIFont+LineHeight.a */,
				81B31799A69C46A98EF144CA /* libGTM_core.a */,
				E7FF8EA586CF44AA8215673A /* libGTM_iPhone.a */,
				297ACBA411B8476BB28D490A /* libGcmLib.a */,
				0941C1A1552F4379AF42C8AE /* libProtocolBuffers.a */,
				4B1826A0600E4C2CBFA0A9D5 /* AddressBook.framework */,
				CF31C2CD3636442F876A11C3 /* libsqlite3.tbd */,
				62F9865DAA7D464CA5B01139 /* libz.tbd */,
				C4FA796A6ECD44D6A549D54F /* AudioToolbox.framework */,
				1944F02F55A54CCCA102A2D5 /* SystemConfiguration.framework */,
				668CC111A9A748089969AC26 /* CoreTelephony.framework */,
				47BDAEEC86FF4F3CA9723D24 /* AddressBookUI.framework */,
				A1EE9709A88C47F383367042 /* Social.framework */,
				69D3A243AFCF4B31B48855B2 /* MessageUI.framework */,
			);
			name = Frameworks;
			sourceTree = "<group>";
		};
		301BF52E109A57CC0062928A /* Products */ = {
			isa = PBXGroup;
			children = (
				301BF535109A57CC0062928A /* libCordova.a */,
			);
			name = Products;
			sourceTree = "<group>";
		};
		3047A50E1AB8057F00498E2A /* config */ = {
			isa = PBXGroup;
			children = (
				3047A50F1AB8059700498E2A /* build-debug.xcconfig */,
				3047A5101AB8059700498E2A /* build-release.xcconfig */,
				3047A5111AB8059700498E2A /* build.xcconfig */,
			);
			name = config;
			sourceTree = "<group>";
		};
		307C750510C5A3420062BCA9 /* Plugins */ = {
			isa = PBXGroup;
			children = (
				E83A4A92BA644AEDB4E7AB7C /* AppDelegate+notification.m */,
				CB62C0E26EA24414814CD920 /* PushPlugin.m */,
				70965148462A4C4C92EA9EA6 /* AppDelegate+notification.h */,
				E6C8143FCADB4A89B7C0E7EB /* PushPlugin.h */,
				CA5D3ECA981F4715AABBF655 /* GGLInstanceID.h */,
				88833BF0AA824693BAA484FF /* GGLInstanceIDConfig.h */,
				A803629499B440BBBAD873F5 /* GGLInstanceIDDelegate.h */,
				8DA09EDD84454F35839931D9 /* GGLInstanceIDHeaders.h */,
				8D1266B217B943E5A37F656B /* CloudMessaging.h */,
				1FB0C8753CDA4C35995B67B3 /* GGLContext+CloudMessaging.h */,
				9AD7A3016D8B4DAAAE2BB661 /* Core.h */,
				F951B41B4E5042E1AD6D539A /* GGLConfiguration.h */,
				567551E2D10841DBBFEB64B2 /* GGLContext.h */,
				5ADCFC34575C40188355EAF3 /* GGLErrorCode.h */,
				A7B1838617BA4200BFE8515D /* GCMConfig.h */,
				58140B475F09492C8769B8CD /* GCMPubSub.h */,
				850E4106324848EDBD8CE85A /* GCMReceiverDelegate.h */,
				A3A392C654CD4CB688E5C964 /* GCMService.h */,
				9B0AAA22553245028652A9BC /* GoogleCloudMessaging.h */,
				E4076D33498047D9BC065CFC /* CDVDevice.m */,
				44AF8979A8374A6790050862 /* CDVDevice.h */,
				9646BF8DAC41461BB6290DF6 /* CDVNotification.m */,
				8922CC020C724702A35A546C /* CDVNotification.h */,
				2C0D28725A1647EA9EBED9ED /* CDVInAppBrowser.m */,
				468A69DBAC204CFC8B8728B2 /* CDVInAppBrowser.h */,
				37D515A201CA424A9078EFF8 /* CDVConnection.m */,
				ADB0B133255948CF8E98FBD2 /* CDVReachability.m */,
				F825270F7FA84D5598F18293 /* CDVConnection.h */,
				6A36F2252B8F4BC786CD2F4E /* CDVReachability.h */,
				8AFC9CCCC6E646E5AD89291D /* CDVStatusBar.m */,
				0E4F9874B51D431FA87EB779 /* CDVStatusBar.h */,
				6CF0F463A1C141E485A7A22B /* CDVContacts.m */,
				3BB108684519469393751144 /* CDVContact.m */,
				11E8935E59A54ED7B619203C /* CDVContacts.h */,
				556D2D5695F345B0ACD113FA /* CDVContact.h */,
				D356775285C24585A2D645C2 /* NSString+SSURLEncoding.m */,
				08E25051BF824A18BEA47FD5 /* SocialSharing.m */,
				9E4D66DF2CE14DA1A8ECB0D5 /* NSString+SSURLEncoding.h */,
				648402DACF25419D8A156534 /* SocialSharing.h */,
			);
			name = Plugins;
			path = "Carnet Per Abitare/Plugins";
			sourceTree = SOURCE_ROOT;
		};
		EB87FDF11871DA420020F90C /* Staging */ = {
			isa = PBXGroup;
			children = (
				F840E1F0165FE0F500CFE078 /* config.xml */,
				301BF56E109A69640062928A /* www */,
			);
			name = Staging;
			sourceTree = "<group>";
		};
/* End PBXGroup section */

/* Begin PBXNativeTarget section */
		1D6058900D05DD3D006BFB54 /* Carnet Per Abitare */ = {
			isa = PBXNativeTarget;
			buildConfigurationList = 1D6058960D05DD3E006BFB54 /* Build configuration list for PBXNativeTarget "Carnet Per Abitare" */;
			buildPhases = (
				304B58A110DAC018002A0835 /* Copy www directory */,
				1D60588D0D05DD3D006BFB54 /* Resources */,
				1D60588E0D05DD3D006BFB54 /* Sources */,
				1D60588F0D05DD3D006BFB54 /* Frameworks */,
			);
			buildRules = (
			);
			dependencies = (
				301BF551109A68C00062928A /* PBXTargetDependency */,
			);
			name = "Carnet Per Abitare";
			productName = "Carnet Per Abitare";
			productReference = 1D6058910D05DD3D006BFB54 /* Carnet Per Abitare.app */;
			productType = "com.apple.product-type.application";
		};
/* End PBXNativeTarget section */

/* Begin PBXProject section */
		29B97313FDCFA39411CA2CEA /* Project object */ = {
			isa = PBXProject;
			attributes = {
				LastUpgradeCheck = 510;
			};
			buildConfigurationList = C01FCF4E08A954540054247B /* Build configuration list for PBXProject "__NON-CLI__" */;
			compatibilityVersion = "Xcode 3.2";
			developmentRegion = English;
			hasScannedForEncodings = 1;
			mainGroup = 29B97314FDCFA39411CA2CEA /* CustomTemplate */;
			projectDirPath = "";
			projectReferences = (
				{
					ProductGroup = 301BF52E109A57CC0062928A /* Products */;
					ProjectRef = 301BF52D109A57CC0062928A /* CordovaLib.xcodeproj */;
				},
			);
			projectRoot = "";
			targets = (
				1D6058900D05DD3D006BFB54 /* Carnet Per Abitare */,
			);
		};
/* End PBXProject section */

/* Begin PBXReferenceProxy section */
		301BF535109A57CC0062928A /* libCordova.a */ = {
			isa = PBXReferenceProxy;
			fileType = archive.ar;
			path = libCordova.a;
			remoteRef = 301BF534109A57CC0062928A /* PBXContainerItemProxy */;
			sourceTree = BUILT_PRODUCTS_DIR;
		};
/* End PBXReferenceProxy section */

/* Begin PBXResourcesBuildPhase section */
		1D60588D0D05DD3D006BFB54 /* Resources */ = {
			isa = PBXResourcesBuildPhase;
			buildActionMask = 2147483647;
			files = (
				302D95F214D2391D003F00A1 /* MainViewController.xib in Resources */,
				0207DA581B56EA530066E2B4 /* Images.xcassets in Resources */,
				6AFF5BF91D6E424B00AB3073 /* CDVLaunchScreen.storyboard in Resources */,
				CD4048B11F3F49D0839DCE63 /* CDVNotification.bundle in Resources */,
			);
			runOnlyForDeploymentPostprocessing = 0;
		};
/* End PBXResourcesBuildPhase section */

/* Begin PBXShellScriptBuildPhase section */
		304B58A110DAC018002A0835 /* Copy www directory */ = {
			isa = PBXShellScriptBuildPhase;
			buildActionMask = 2147483647;
			files = (
			);
			inputPaths = (
			);
			name = "Copy www directory";
			outputPaths = (
			);
			runOnlyForDeploymentPostprocessing = 0;
			shellPath = /bin/sh;
			shellScript = "NODEJS_PATH=/usr/local/bin; NVM_NODE_PATH=~/.nvm/versions/node/`nvm version 2>/dev/null`/bin; N_NODE_PATH=`find /usr/local/n/versions/node/* -maxdepth 0 -type d 2>/dev/null | tail -1`/bin; XCODE_NODE_PATH=`xcode-select --print-path`/usr/share/xcs/Node/bin; PATH=$NODEJS_PATH:$NVM_NODE_PATH:$N_NODE_PATH:$XCODE_NODE_PATH:$PATH && node cordova/lib/copy-www-build-step.js";
			showEnvVarsInLog = 0;
		};
/* End PBXShellScriptBuildPhase section */

/* Begin PBXSourcesBuildPhase section */
		1D60588E0D05DD3D006BFB54 /* Sources */ = {
			isa = PBXSourcesBuildPhase;
			buildActionMask = 2147483647;
			files = (
				1D60589B0D05DD56006BFB54 /* main.m in Sources */,
				1D3623260D0F684500981E51 /* AppDelegate.m in Sources */,
				302D95F114D2391D003F00A1 /* MainViewController.m in Sources */,
				CA2BE153A713425A96665DCC /* AppDelegate+notification.m in Sources */,
				89CB653B25D348F6806F71A0 /* PushPlugin.m in Sources */,
				BEB8A5462D7D412881980C36 /* CDVDevice.m in Sources */,
				18925F9C641E442BAA3AF603 /* CDVNotification.m in Sources */,
				4BFC861EBBE74A7B9D44ABCF /* CDVInAppBrowser.m in Sources */,
				CE75F92045AA4C5A9824F741 /* CDVConnection.m in Sources */,
				0697160DDE4645CB8C2AFC28 /* CDVReachability.m in Sources */,
				BA6CA99BB7A94E8FBF72992B /* CDVStatusBar.m in Sources */,
				51139C79B91D4973953159DD /* CDVContacts.m in Sources */,
				81CAC074B1A447BC990156FE /* CDVContact.m in Sources */,
				B23A5D8A2CEC4F82A320E1B9 /* NSString+SSURLEncoding.m in Sources */,
				6C0C12A25EBA4AFFAD143726 /* SocialSharing.m in Sources */,
			);
			runOnlyForDeploymentPostprocessing = 0;
		};
/* End PBXSourcesBuildPhase section */

/* Begin PBXTargetDependency section */
		301BF551109A68C00062928A /* PBXTargetDependency */ = {
			isa = PBXTargetDependency;
			name = CordovaLib;
			targetProxy = 301BF550109A68C00062928A /* PBXContainerItemProxy */;
		};
/* End PBXTargetDependency section */

/* Begin XCBuildConfiguration section */
		1D6058940D05DD3E006BFB54 /* Debug */ = {
			isa = XCBuildConfiguration;
			baseConfigurationReference = 3047A50F1AB8059700498E2A /* build-debug.xcconfig */;
			buildSettings = {
				ALWAYS_SEARCH_USER_PATHS = NO;
				ASSETCATALOG_COMPILER_APPICON_NAME = AppIcon;
				ASSETCATALOG_COMPILER_LAUNCHIMAGE_NAME = LaunchImage;
				CLANG_ENABLE_MODULES = YES;
				CLANG_ENABLE_OBJC_ARC = YES;
				COPY_PHASE_STRIP = NO;
				GCC_DYNAMIC_NO_PIC = NO;
				GCC_OPTIMIZATION_LEVEL = 0;
				GCC_PRECOMPILE_PREFIX_HEADER = YES;
				GCC_PREFIX_HEADER = "Carnet Per Abitare/Carnet Per Abitare-Prefix.pch";
				GCC_THUMB_SUPPORT = NO;
				GCC_VERSION = "";
				INFOPLIST_FILE = "Carnet Per Abitare/Carnet Per Abitare-Info.plist";
				IPHONEOS_DEPLOYMENT_TARGET = 8.0;
				LD_RUNPATH_SEARCH_PATHS = "@executable_path/Frameworks";
				TARGETED_DEVICE_FAMILY = "1,2";
				PRODUCT_NAME = "Carnet Per Abitare";
				LIBRARY_SEARCH_PATHS = (
					"$(inherited)",
					"\"$(SRCROOT)/Carnet Per Abitare/Plugins/phonegap-plugin-push/GCM/Libraries\"",
					"\"$(SRCROOT)/Carnet Per Abitare/Plugins/phonegap-plugin-push/GCM/Libraries\"",
					"\"$(SRCROOT)/Carnet Per Abitare/Plugins/phonegap-plugin-push/GCM/Libraries\"",
					"\"$(SRCROOT)/Carnet Per Abitare/Plugins/phonegap-plugin-push/GCM/Libraries\"",
					"\"$(SRCROOT)/Carnet Per Abitare/Plugins/phonegap-plugin-push/GCM/Libraries\"",
					"\"$(SRCROOT)/Carnet Per Abitare/Plugins/phonegap-plugin-push/GCM/Libraries\"",
					"\"$(SRCROOT)/Carnet Per Abitare/Plugins/phonegap-plugin-push/GCM/Libraries\"",
					"\"$(SRCROOT)/Carnet Per Abitare/Plugins/phonegap-plugin-push/GCM/Libraries\"",
					"\"$(SRCROOT)/Carnet Per Abitare/Plugins/phonegap-plugin-push/GCM/Libraries\"",
					"\"$(SRCROOT)/Carnet Per Abitare/Plugins/phonegap-plugin-push/GCM/Libraries\"",
					"\"$(SRCROOT)/Carnet Per Abitare/Plugins/phonegap-plugin-push/GCM/Libraries\"",
					"\"$(SRCROOT)/Carnet Per Abitare/Plugins/phonegap-plugin-push/GCM/Libraries\"",
					"\"$(SRCROOT)/Carnet Per Abitare/Plugins/phonegap-plugin-push/GCM/Libraries\"",
					"\"$(SRCROOT)/Carnet Per Abitare/Plugins/phonegap-plugin-push/GCM/Libraries\"",
					"\"$(SRCROOT)/Carnet Per Abitare/Plugins/phonegap-plugin-push/GCM/Libraries\"",
					"\"$(SRCROOT)/Carnet Per Abitare/Plugins/phonegap-plugin-push/GCM/Libraries\"",
					"\"$(SRCROOT)/Carnet Per Abitare/Plugins/phonegap-plugin-push/GCM/Libraries\"",
					"\"$(SRCROOT)/Carnet Per Abitare/Plugins/phonegap-plugin-push/GCM/Libraries\"",
					"\"$(SRCROOT)/Carnet Per Abitare/Plugins/phonegap-plugin-push/GCM/Libraries\"",
					"\"$(SRCROOT)/Carnet Per Abitare/Plugins/phonegap-plugin-push/GCM/Libraries\"",
					"\"$(SRCROOT)/Carnet Per Abitare/Plugins/phonegap-plugin-push/GCM/Libraries\"",
					"\"$(SRCROOT)/Carnet Per Abitare/Plugins/phonegap-plugin-push/GCM/Libraries\"",
					"\"$(SRCROOT)/Carnet Per Abitare/Plugins/phonegap-plugin-push/GCM/Libraries\"",
					"\"$(SRCROOT)/Carnet Per Abitare/Plugins/phonegap-plugin-push/GCM/Libraries\"",
					"\"$(SRCROOT)/Carnet Per Abitare/Plugins/phonegap-plugin-push/GCM/Libraries\"",
					"\"$(SRCROOT)/Carnet Per Abitare/Plugins/phonegap-plugin-push/GCM/Libraries\"",
				);
			};
			name = Debug;
		};
		1D6058950D05DD3E006BFB54 /* Release */ = {
			isa = XCBuildConfiguration;
			baseConfigurationReference = 3047A5101AB8059700498E2A /* build-release.xcconfig */;
			buildSettings = {
				ALWAYS_SEARCH_USER_PATHS = NO;
				ASSETCATALOG_COMPILER_APPICON_NAME = AppIcon;
				ASSETCATALOG_COMPILER_LAUNCHIMAGE_NAME = LaunchImage;
				CLANG_ENABLE_MODULES = YES;
				CLANG_ENABLE_OBJC_ARC = YES;
				COPY_PHASE_STRIP = YES;
				GCC_PRECOMPILE_PREFIX_HEADER = YES;
				GCC_PREFIX_HEADER = "Carnet Per Abitare/Carnet Per Abitare-Prefix.pch";
				GCC_THUMB_SUPPORT = NO;
				GCC_VERSION = "";
				INFOPLIST_FILE = "Carnet Per Abitare/Carnet Per Abitare-Info.plist";
				IPHONEOS_DEPLOYMENT_TARGET = 8.0;
				LD_RUNPATH_SEARCH_PATHS = "@executable_path/Frameworks";
				TARGETED_DEVICE_FAMILY = "1,2";
				PRODUCT_NAME = "Carnet Per Abitare";
				LIBRARY_SEARCH_PATHS = (
					"$(inherited)",
					"\"$(SRCROOT)/Carnet Per Abitare/Plugins/phonegap-plugin-push/GCM/Libraries\"",
					"\"$(SRCROOT)/Carnet Per Abitare/Plugins/phonegap-plugin-push/GCM/Libraries\"",
					"\"$(SRCROOT)/Carnet Per Abitare/Plugins/phonegap-plugin-push/GCM/Libraries\"",
					"\"$(SRCROOT)/Carnet Per Abitare/Plugins/phonegap-plugin-push/GCM/Libraries\"",
					"\"$(SRCROOT)/Carnet Per Abitare/Plugins/phonegap-plugin-push/GCM/Libraries\"",
					"\"$(SRCROOT)/Carnet Per Abitare/Plugins/phonegap-plugin-push/GCM/Libraries\"",
					"\"$(SRCROOT)/Carnet Per Abitare/Plugins/phonegap-plugin-push/GCM/Libraries\"",
					"\"$(SRCROOT)/Carnet Per Abitare/Plugins/phonegap-plugin-push/GCM/Libraries\"",
					"\"$(SRCROOT)/Carnet Per Abitare/Plugins/phonegap-plugin-push/GCM/Libraries\"",
					"\"$(SRCROOT)/Carnet Per Abitare/Plugins/phonegap-plugin-push/GCM/Libraries\"",
					"\"$(SRCROOT)/Carnet Per Abitare/Plugins/phonegap-plugin-push/GCM/Libraries\"",
					"\"$(SRCROOT)/Carnet Per Abitare/Plugins/phonegap-plugin-push/GCM/Libraries\"",
					"\"$(SRCROOT)/Carnet Per Abitare/Plugins/phonegap-plugin-push/GCM/Libraries\"",
					"\"$(SRCROOT)/Carnet Per Abitare/Plugins/phonegap-plugin-push/GCM/Libraries\"",
					"\"$(SRCROOT)/Carnet Per Abitare/Plugins/phonegap-plugin-push/GCM/Libraries\"",
					"\"$(SRCROOT)/Carnet Per Abitare/Plugins/phonegap-plugin-push/GCM/Libraries\"",
					"\"$(SRCROOT)/Carnet Per Abitare/Plugins/phonegap-plugin-push/GCM/Libraries\"",
					"\"$(SRCROOT)/Carnet Per Abitare/Plugins/phonegap-plugin-push/GCM/Libraries\"",
					"\"$(SRCROOT)/Carnet Per Abitare/Plugins/phonegap-plugin-push/GCM/Libraries\"",
					"\"$(SRCROOT)/Carnet Per Abitare/Plugins/phonegap-plugin-push/GCM/Libraries\"",
					"\"$(SRCROOT)/Carnet Per Abitare/Plugins/phonegap-plugin-push/GCM/Libraries\"",
					"\"$(SRCROOT)/Carnet Per Abitare/Plugins/phonegap-plugin-push/GCM/Libraries\"",
					"\"$(SRCROOT)/Carnet Per Abitare/Plugins/phonegap-plugin-push/GCM/Libraries\"",
					"\"$(SRCROOT)/Carnet Per Abitare/Plugins/phonegap-plugin-push/GCM/Libraries\"",
					"\"$(SRCROOT)/Carnet Per Abitare/Plugins/phonegap-plugin-push/GCM/Libraries\"",
					"\"$(SRCROOT)/Carnet Per Abitare/Plugins/phonegap-plugin-push/GCM/Libraries\"",
				);
			};
			name = Release;
		};
		C01FCF4F08A954540054247B /* Debug */ = {
			isa = XCBuildConfiguration;
			baseConfigurationReference = 3047A5111AB8059700498E2A /* build.xcconfig */;
			buildSettings = {
				CLANG_ENABLE_MODULES = YES;
				CLANG_ENABLE_OBJC_ARC = YES;
				CLANG_WARN_BOOL_CONVERSION = YES;
				CLANG_WARN_CONSTANT_CONVERSION = YES;
				CLANG_WARN_EMPTY_BODY = YES;
				CLANG_WARN_ENUM_CONVERSION = YES;
				CLANG_WARN_INT_CONVERSION = YES;
				CLANG_WARN__DUPLICATE_METHOD_MATCH = YES;
				GCC_C_LANGUAGE_STANDARD = c99;
				GCC_THUMB_SUPPORT = NO;
				GCC_VERSION = "";
				GCC_WARN_ABOUT_RETURN_TYPE = YES;
				GCC_WARN_UNDECLARED_SELECTOR = YES;
				GCC_WARN_UNINITIALIZED_AUTOS = YES;
				GCC_WARN_UNUSED_FUNCTION = YES;
				GCC_WARN_UNUSED_VARIABLE = YES;
				ONLY_ACTIVE_ARCH = YES;
				SDKROOT = iphoneos;
				SKIP_INSTALL = NO;
				TARGETED_DEVICE_FAMILY = "1,2";
				ASSETCATALOG_COMPILER_LAUNCHIMAGE_NAME = LaunchImage;
			};
			name = Debug;
		};
		C01FCF5008A954540054247B /* Release */ = {
			isa = XCBuildConfiguration;
			baseConfigurationReference = 3047A5111AB8059700498E2A /* build.xcconfig */;
			buildSettings = {
				CLANG_ENABLE_MODULES = YES;
				CLANG_ENABLE_OBJC_ARC = YES;
				CLANG_WARN_BOOL_CONVERSION = YES;
				CLANG_WARN_CONSTANT_CONVERSION = YES;
				CLANG_WARN_EMPTY_BODY = YES;
				CLANG_WARN_ENUM_CONVERSION = YES;
				CLANG_WARN_INT_CONVERSION = YES;
				CLANG_WARN__DUPLICATE_METHOD_MATCH = YES;
				GCC_C_LANGUAGE_STANDARD = c99;
				GCC_THUMB_SUPPORT = NO;
				GCC_VERSION = "";
				GCC_WARN_ABOUT_RETURN_TYPE = YES;
				GCC_WARN_UNDECLARED_SELECTOR = YES;
				GCC_WARN_UNINITIALIZED_AUTOS = YES;
				GCC_WARN_UNUSED_FUNCTION = YES;
				GCC_WARN_UNUSED_VARIABLE = YES;
				SDKROOT = iphoneos;
				SKIP_INSTALL = NO;
				TARGETED_DEVICE_FAMILY = "1,2";
				ASSETCATALOG_COMPILER_LAUNCHIMAGE_NAME = LaunchImage;
			};
			name = Release;
		};
/* End XCBuildConfiguration section */

/* Begin XCConfigurationList section */
		1D6058960D05DD3E006BFB54 /* Build configuration list for PBXNativeTarget "Carnet Per Abitare" */ = {
			isa = XCConfigurationList;
			buildConfigurations = (
				1D6058940D05DD3E006BFB54 /* Debug */,
				1D6058950D05DD3E006BFB54 /* Release */,
			);
			defaultConfigurationIsVisible = 0;
			defaultConfigurationName = Release;
		};
		C01FCF4E08A954540054247B /* Build configuration list for PBXProject "__NON-CLI__" */ = {
			isa = XCConfigurationList;
			buildConfigurations = (
				C01FCF4F08A954540054247B /* Debug */,
				C01FCF5008A954540054247B /* Release */,
			);
			defaultConfigurationIsVisible = 0;
			defaultConfigurationName = Release;
		};
/* End XCConfigurationList section */
	};
	rootObject = 29B97313FDCFA39411CA2CEA /* Project object */;
}
